// !$*UTF8*$!
{
	archiveVersion = 1;
	classes = {
	};
	objectVersion = 56;
	objects = {

/* Begin PBXBuildFile section */
		132C11FE2CF3855F00ED4B66 /* MySwiftPackage in Frameworks */ = {isa = PBXBuildFile; productRef = 132C11FD2CF3855F00ED4B66 /* MySwiftPackage */; };
		13DDD98D2CF365D3000821CE /* MySwiftPackageExampleApp.swift in Sources */ = {isa = PBXBuildFile; fileRef = 13DDD98C2CF365D3000821CE /* MySwiftPackageExampleApp.swift */; };
		13DDD98F2CF365D3000821CE /* ContentView.swift in Sources */ = {isa = PBXBuildFile; fileRef = 13DDD98E2CF365D3000821CE /* ContentView.swift */; };
		13DDD9912CF365D4000821CE /* Assets.xcassets in Resources */ = {isa = PBXBuildFile; fileRef = 13DDD9902CF365D4000821CE /* Assets.xcassets */; };
		13DDD9952CF365D4000821CE /* Preview Assets.xcassets in Resources */ = {isa = PBXBuildFile; fileRef = 13DDD9942CF365D4000821CE /* Preview Assets.xcassets */; };
		13DDD99F2CF365D4000821CE /* MySwiftPackageExampleTests.swift in Sources */ = {isa = PBXBuildFile; fileRef = 13DDD99E2CF365D4000821CE /* MySwiftPackageExampleTests.swift */; };
		13DDD9A92CF365D4000821CE /* MySwiftPackageExampleUITests.swift in Sources */ = {isa = PBXBuildFile; fileRef = 13DDD9A82CF365D4000821CE /* MySwiftPackageExampleUITests.swift */; };
		13DDD9AB2CF365D4000821CE /* MySwiftPackageExampleUITestsLaunchTests.swift in Sources */ = {isa = PBXBuildFile; fileRef = 13DDD9AA2CF365D4000821CE /* MySwiftPackageExampleUITestsLaunchTests.swift */; };
/* End PBXBuildFile section */

/* Begin PBXContainerItemProxy section */
		13DDD99B2CF365D4000821CE /* PBXContainerItemProxy */ = {
			isa = PBXContainerItemProxy;
			containerPortal = 13DDD9812CF365D3000821CE /* Project object */;
			proxyType = 1;
			remoteGlobalIDString = 13DDD9882CF365D3000821CE;
			remoteInfo = MySwiftPackageExample;
		};
		13DDD9A52CF365D4000821CE /* PBXContainerItemProxy */ = {
			isa = PBXContainerItemProxy;
			containerPortal = 13DDD9812CF365D3000821CE /* Project object */;
			proxyType = 1;
			remoteGlobalIDString = 13DDD9882CF365D3000821CE;
			remoteInfo = MySwiftPackageExample;
		};
/* End PBXContainerItemProxy section */

/* Begin PBXFileReference section */
		13DDD9892CF365D3000821CE /* MySwiftPackageExample.app */ = {isa = PBXFileReference; explicitFileType = wrapper.application; includeInIndex = 0; path = MySwiftPackageExample.app; sourceTree = BUILT_PRODUCTS_DIR; };
		13DDD98C2CF365D3000821CE /* MySwiftPackageExampleApp.swift */ = {isa = PBXFileReference; lastKnownFileType = sourcecode.swift; path = MySwiftPackageExampleApp.swift; sourceTree = "<group>"; };
		13DDD98E2CF365D3000821CE /* ContentView.swift */ = {isa = PBXFileReference; lastKnownFileType = sourcecode.swift; path = ContentView.swift; sourceTree = "<group>"; };
		13DDD9902CF365D4000821CE /* Assets.xcassets */ = {isa = PBXFileReference; lastKnownFileType = folder.assetcatalog; path = Assets.xcassets; sourceTree = "<group>"; };
		13DDD9922CF365D4000821CE /* MySwiftPackageExample.entitlements */ = {isa = PBXFileReference; lastKnownFileType = text.plist.entitlements; path = MySwiftPackageExample.entitlements; sourceTree = "<group>"; };
		13DDD9942CF365D4000821CE /* Preview Assets.xcassets */ = {isa = PBXFileReference; lastKnownFileType = folder.assetcatalog; path = "Preview Assets.xcassets"; sourceTree = "<group>"; };
		13DDD99A2CF365D4000821CE /* MySwiftPackageExampleTests.xctest */ = {isa = PBXFileReference; explicitFileType = wrapper.cfbundle; includeInIndex = 0; path = MySwiftPackageExampleTests.xctest; sourceTree = BUILT_PRODUCTS_DIR; };
		13DDD99E2CF365D4000821CE /* MySwiftPackageExampleTests.swift */ = {isa = PBXFileReference; lastKnownFileType = sourcecode.swift; path = MySwiftPackageExampleTests.swift; sourceTree = "<group>"; };
		13DDD9A42CF365D4000821CE /* MySwiftPackageExampleUITests.xctest */ = {isa = PBXFileReference; explicitFileType = wrapper.cfbundle; includeInIndex = 0; path = MySwiftPackageExampleUITests.xctest; sourceTree = BUILT_PRODUCTS_DIR; };
		13DDD9A82CF365D4000821CE /* MySwiftPackageExampleUITests.swift */ = {isa = PBXFileReference; lastKnownFileType = sourcecode.swift; path = MySwiftPackageExampleUITests.swift; sourceTree = "<group>"; };
		13DDD9AA2CF365D4000821CE /* MySwiftPackageExampleUITestsLaunchTests.swift */ = {isa = PBXFileReference; lastKnownFileType = sourcecode.swift; path = MySwiftPackageExampleUITestsLaunchTests.swift; sourceTree = "<group>"; };
/* End PBXFileReference section */

/* Begin PBXFrameworksBuildPhase section */
		13DDD9862CF365D3000821CE /* Frameworks */ = {
			isa = PBXFrameworksBuildPhase;
			buildActionMask = 2147483647;
			files = (
				132C11FE2CF3855F00ED4B66 /* MySwiftPackage in Frameworks */,
			);
			runOnlyForDeploymentPostprocessing = 0;
		};
		13DDD9972CF365D4000821CE /* Frameworks */ = {
			isa = PBXFrameworksBuildPhase;
			buildActionMask = 2147483647;
			files = (
			);
			runOnlyForDeploymentPostprocessing = 0;
		};
		13DDD9A12CF365D4000821CE /* Frameworks */ = {
			isa = PBXFrameworksBuildPhase;
			buildActionMask = 2147483647;
			files = (
			);
			runOnlyForDeploymentPostprocessing = 0;
		};
/* End PBXFrameworksBuildPhase section */

/* Begin PBXGroup section */
		13DDD9802CF365D3000821CE = {
			isa = PBXGroup;
			children = (
				13DDD98B2CF365D3000821CE /* MySwiftPackageExample */,
				13DDD99D2CF365D4000821CE /* MySwiftPackageExampleTests */,
				13DDD9A72CF365D4000821CE /* MySwiftPackageExampleUITests */,
				13DDD98A2CF365D3000821CE /* Products */,
			);
			sourceTree = "<group>";
		};
		13DDD98A2CF365D3000821CE /* Products */ = {
			isa = PBXGroup;
			children = (
				13DDD9892CF365D3000821CE /* MySwiftPackageExample.app */,
				13DDD99A2CF365D4000821CE /* MySwiftPackageExampleTests.xctest */,
				13DDD9A42CF365D4000821CE /* MySwiftPackageExampleUITests.xctest */,
			);
			name = Products;
			sourceTree = "<group>";
		};
		13DDD98B2CF365D3000821CE /* MySwiftPackageExample */ = {
			isa = PBXGroup;
			children = (
				13DDD98C2CF365D3000821CE /* MySwiftPackageExampleApp.swift */,
				13DDD98E2CF365D3000821CE /* ContentView.swift */,
				13DDD9902CF365D4000821CE /* Assets.xcassets */,
				13DDD9922CF365D4000821CE /* MySwiftPackageExample.entitlements */,
				13DDD9932CF365D4000821CE /* Preview Content */,
			);
			path = MySwiftPackageExample;
			sourceTree = "<group>";
		};
		13DDD9932CF365D4000821CE /* Preview Content */ = {
			isa = PBXGroup;
			children = (
				13DDD9942CF365D4000821CE /* Preview Assets.xcassets */,
			);
			path = "Preview Content";
			sourceTree = "<group>";
		};
		13DDD99D2CF365D4000821CE /* MySwiftPackageExampleTests */ = {
			isa = PBXGroup;
			children = (
				13DDD99E2CF365D4000821CE /* MySwiftPackageExampleTests.swift */,
			);
			path = MySwiftPackageExampleTests;
			sourceTree = "<group>";
		};
		13DDD9A72CF365D4000821CE /* MySwiftPackageExampleUITests */ = {
			isa = PBXGroup;
			children = (
				13DDD9A82CF365D4000821CE /* MySwiftPackageExampleUITests.swift */,
				13DDD9AA2CF365D4000821CE /* MySwiftPackageExampleUITestsLaunchTests.swift */,
			);
			path = MySwiftPackageExampleUITests;
			sourceTree = "<group>";
		};
/* End PBXGroup section */

/* Begin PBXNativeTarget section */
		13DDD9882CF365D3000821CE /* MySwiftPackageExample */ = {
			isa = PBXNativeTarget;
			buildConfigurationList = 13DDD9AE2CF365D4000821CE /* Build configuration list for PBXNativeTarget "MySwiftPackageExample" */;
			buildPhases = (
				13DDD9852CF365D3000821CE /* Sources */,
				13DDD9862CF365D3000821CE /* Frameworks */,
				13DDD9872CF365D3000821CE /* Resources */,
			);
			buildRules = (
			);
			dependencies = (
			);
			name = MySwiftPackageExample;
			packageProductDependencies = (
				132C11FD2CF3855F00ED4B66 /* MySwiftPackage */,
			);
			productName = MySwiftPackageExample;
			productReference = 13DDD9892CF365D3000821CE /* MySwiftPackageExample.app */;
			productType = "com.apple.product-type.application";
		};
		13DDD9992CF365D4000821CE /* MySwiftPackageExampleTests */ = {
			isa = PBXNativeTarget;
			buildConfigurationList = 13DDD9B12CF365D4000821CE /* Build configuration list for PBXNativeTarget "MySwiftPackageExampleTests" */;
			buildPhases = (
				13DDD9962CF365D4000821CE /* Sources */,
				13DDD9972CF365D4000821CE /* Frameworks */,
				13DDD9982CF365D4000821CE /* Resources */,
			);
			buildRules = (
			);
			dependencies = (
				13DDD99C2CF365D4000821CE /* PBXTargetDependency */,
			);
			name = MySwiftPackageExampleTests;
			productName = MySwiftPackageExampleTests;
			productReference = 13DDD99A2CF365D4000821CE /* MySwiftPackageExampleTests.xctest */;
			productType = "com.apple.product-type.bundle.unit-test";
		};
		13DDD9A32CF365D4000821CE /* MySwiftPackageExampleUITests */ = {
			isa = PBXNativeTarget;
			buildConfigurationList = 13DDD9B42CF365D4000821CE /* Build configuration list for PBXNativeTarget "MySwiftPackageExampleUITests" */;
			buildPhases = (
				13DDD9A02CF365D4000821CE /* Sources */,
				13DDD9A12CF365D4000821CE /* Frameworks */,
				13DDD9A22CF365D4000821CE /* Resources */,
			);
			buildRules = (
			);
			dependencies = (
				13DDD9A62CF365D4000821CE /* PBXTargetDependency */,
			);
			name = MySwiftPackageExampleUITests;
			productName = MySwiftPackageExampleUITests;
			productReference = 13DDD9A42CF365D4000821CE /* MySwiftPackageExampleUITests.xctest */;
			productType = "com.apple.product-type.bundle.ui-testing";
		};
/* End PBXNativeTarget section */

/* Begin PBXProject section */
		13DDD9812CF365D3000821CE /* Project object */ = {
			isa = PBXProject;
			attributes = {
				BuildIndependentTargetsInParallel = 1;
				LastSwiftUpdateCheck = 1430;
				LastUpgradeCheck = 1430;
				TargetAttributes = {
					13DDD9882CF365D3000821CE = {
						CreatedOnToolsVersion = 14.3;
					};
					13DDD9992CF365D4000821CE = {
						CreatedOnToolsVersion = 14.3;
						TestTargetID = 13DDD9882CF365D3000821CE;
					};
					13DDD9A32CF365D4000821CE = {
						CreatedOnToolsVersion = 14.3;
						TestTargetID = 13DDD9882CF365D3000821CE;
					};
				};
			};
			buildConfigurationList = 13DDD9842CF365D3000821CE /* Build configuration list for PBXProject "MySwiftPackageExample" */;
			compatibilityVersion = "Xcode 14.0";
			developmentRegion = en;
			hasScannedForEncodings = 0;
			knownRegions = (
				en,
				Base,
			);
			mainGroup = 13DDD9802CF365D3000821CE;
			packageReferences = (
				132C11FC2CF3855F00ED4B66 /* XCRemoteSwiftPackageReference "MySwiftPackage" */,
			);
			productRefGroup = 13DDD98A2CF365D3000821CE /* Products */;
			projectDirPath = "";
			projectRoot = "";
			targets = (
				13DDD9882CF365D3000821CE /* MySwiftPackageExample */,
				13DDD9992CF365D4000821CE /* MySwiftPackageExampleTests */,
				13DDD9A32CF365D4000821CE /* MySwiftPackageExampleUITests */,
			);
		};
/* End PBXProject section */

/* Begin PBXResourcesBuildPhase section */
		13DDD9872CF365D3000821CE /* Resources */ = {
			isa = PBXResourcesBuildPhase;
			buildActionMask = 2147483647;
			files = (
				13DDD9952CF365D4000821CE /* Preview Assets.xcassets in Resources */,
				13DDD9912CF365D4000821CE /* Assets.xcassets in Resources */,
			);
			runOnlyForDeploymentPostprocessing = 0;
		};
		13DDD9982CF365D4000821CE /* Resources */ = {
			isa = PBXResourcesBuildPhase;
			buildActionMask = 2147483647;
			files = (
			);
			runOnlyForDeploymentPostprocessing = 0;
		};
		13DDD9A22CF365D4000821CE /* Resources */ = {
			isa = PBXResourcesBuildPhase;
			buildActionMask = 2147483647;
			files = (
			);
			runOnlyForDeploymentPostprocessing = 0;
		};
/* End PBXResourcesBuildPhase section */

/* Begin PBXSourcesBuildPhase section */
		13DDD9852CF365D3000821CE /* Sources */ = {
			isa = PBXSourcesBuildPhase;
			buildActionMask = 2147483647;
			files = (
				13DDD98F2CF365D3000821CE /* ContentView.swift in Sources */,
				13DDD98D2CF365D3000821CE /* MySwiftPackageExampleApp.swift in Sources */,
			);
			runOnlyForDeploymentPostprocessing = 0;
		};
		13DDD9962CF365D4000821CE /* Sources */ = {
			isa = PBXSourcesBuildPhase;
			buildActionMask = 2147483647;
			files = (
				13DDD99F2CF365D4000821CE /* MySwiftPackageExampleTests.swift in Sources */,
			);
			runOnlyForDeploymentPostprocessing = 0;
		};
		13DDD9A02CF365D4000821CE /* Sources */ = {
			isa = PBXSourcesBuildPhase;
			buildActionMask = 2147483647;
			files = (
				13DDD9AB2CF365D4000821CE /* MySwiftPackageExampleUITestsLaunchTests.swift in Sources */,
				13DDD9A92CF365D4000821CE /* MySwiftPackageExampleUITests.swift in Sources */,
			);
			runOnlyForDeploymentPostprocessing = 0;
		};
/* End PBXSourcesBuildPhase section */

/* Begin PBXTargetDependency section */
		13DDD99C2CF365D4000821CE /* PBXTargetDependency */ = {
			isa = PBXTargetDependency;
			target = 13DDD9882CF365D3000821CE /* MySwiftPackageExample */;
			targetProxy = 13DDD99B2CF365D4000821CE /* PBXContainerItemProxy */;
		};
		13DDD9A62CF365D4000821CE /* PBXTargetDependency */ = {
			isa = PBXTargetDependency;
			target = 13DDD9882CF365D3000821CE /* MySwiftPackageExample */;
			targetProxy = 13DDD9A52CF365D4000821CE /* PBXContainerItemProxy */;
		};
/* End PBXTargetDependency section */

/* Begin XCBuildConfiguration section */
		13DDD9AC2CF365D4000821CE /* Debug */ = {
			isa = XCBuildConfiguration;
			buildSettings = {
				ALWAYS_SEARCH_USER_PATHS = NO;
				CLANG_ANALYZER_NONNULL = YES;
				CLANG_ANALYZER_NUMBER_OBJECT_CONVERSION = YES_AGGRESSIVE;
				CLANG_CXX_LANGUAGE_STANDARD = "gnu++20";
				CLANG_ENABLE_MODULES = YES;
				CLANG_ENABLE_OBJC_ARC = YES;
				CLANG_ENABLE_OBJC_WEAK = YES;
				CLANG_WARN_BLOCK_CAPTURE_AUTORELEASING = YES;
				CLANG_WARN_BOOL_CONVERSION = YES;
				CLANG_WARN_COMMA = YES;
				CLANG_WARN_CONSTANT_CONVERSION = YES;
				CLANG_WARN_DEPRECATED_OBJC_IMPLEMENTATIONS = YES;
				CLANG_WARN_DIRECT_OBJC_ISA_USAGE = YES_ERROR;
				CLANG_WARN_DOCUMENTATION_COMMENTS = YES;
				CLANG_WARN_EMPTY_BODY = YES;
				CLANG_WARN_ENUM_CONVERSION = YES;
				CLANG_WARN_INFINITE_RECURSION = YES;
				CLANG_WARN_INT_CONVERSION = YES;
				CLANG_WARN_NON_LITERAL_NULL_CONVERSION = YES;
				CLANG_WARN_OBJC_IMPLICIT_RETAIN_SELF = YES;
				CLANG_WARN_OBJC_LITERAL_CONVERSION = YES;
				CLANG_WARN_OBJC_ROOT_CLASS = YES_ERROR;
				CLANG_WARN_QUOTED_INCLUDE_IN_FRAMEWORK_HEADER = YES;
				CLANG_WARN_RANGE_LOOP_ANALYSIS = YES;
				CLANG_WARN_STRICT_PROTOTYPES = YES;
				CLANG_WARN_SUSPICIOUS_MOVE = YES;
				CLANG_WARN_UNGUARDED_AVAILABILITY = YES_AGGRESSIVE;
				CLANG_WARN_UNREACHABLE_CODE = YES;
				CLANG_WARN__DUPLICATE_METHOD_MATCH = YES;
				COPY_PHASE_STRIP = NO;
				DEBUG_INFORMATION_FORMAT = dwarf;
				ENABLE_STRICT_OBJC_MSGSEND = YES;
				ENABLE_TESTABILITY = YES;
				GCC_C_LANGUAGE_STANDARD = gnu11;
				GCC_DYNAMIC_NO_PIC = NO;
				GCC_NO_COMMON_BLOCKS = YES;
				GCC_OPTIMIZATION_LEVEL = 0;
				GCC_PREPROCESSOR_DEFINITIONS = (
					"DEBUG=1",
					"$(inherited)",
				);
				GCC_WARN_64_TO_32_BIT_CONVERSION = YES;
				GCC_WARN_ABOUT_RETURN_TYPE = YES_ERROR;
				GCC_WARN_UNDECLARED_SELECTOR = YES;
				GCC_WARN_UNINITIALIZED_AUTOS = YES_AGGRESSIVE;
				GCC_WARN_UNUSED_FUNCTION = YES;
				GCC_WARN_UNUSED_VARIABLE = YES;
				MTL_ENABLE_DEBUG_INFO = INCLUDE_SOURCE;
				MTL_FAST_MATH = YES;
				ONLY_ACTIVE_ARCH = YES;
				SWIFT_ACTIVE_COMPILATION_CONDITIONS = DEBUG;
				SWIFT_OPTIMIZATION_LEVEL = "-Onone";
			};
			name = Debug;
		};
		13DDD9AD2CF365D4000821CE /* Release */ = {
			isa = XCBuildConfiguration;
			buildSettings = {
				ALWAYS_SEARCH_USER_PATHS = NO;
				CLANG_ANALYZER_NONNULL = YES;
				CLANG_ANALYZER_NUMBER_OBJECT_CONVERSION = YES_AGGRESSIVE;
				CLANG_CXX_LANGUAGE_STANDARD = "gnu++20";
				CLANG_ENABLE_MODULES = YES;
				CLANG_ENABLE_OBJC_ARC = YES;
				CLANG_ENABLE_OBJC_WEAK = YES;
				CLANG_WARN_BLOCK_CAPTURE_AUTORELEASING = YES;
				CLANG_WARN_BOOL_CONVERSION = YES;
				CLANG_WARN_COMMA = YES;
				CLANG_WARN_CONSTANT_CONVERSION = YES;
				CLANG_WARN_DEPRECATED_OBJC_IMPLEMENTATIONS = YES;
				CLANG_WARN_DIRECT_OBJC_ISA_USAGE = YES_ERROR;
				CLANG_WARN_DOCUMENTATION_COMMENTS = YES;
				CLANG_WARN_EMPTY_BODY = YES;
				CLANG_WARN_ENUM_CONVERSION = YES;
				CLANG_WARN_INFINITE_RECURSION = YES;
				CLANG_WARN_INT_CONVERSION = YES;
				CLANG_WARN_NON_LITERAL_NULL_CONVERSION = YES;
				CLANG_WARN_OBJC_IMPLICIT_RETAIN_SELF = YES;
				CLANG_WARN_OBJC_LITERAL_CONVERSION = YES;
				CLANG_WARN_OBJC_ROOT_CLASS = YES_ERROR;
				CLANG_WARN_QUOTED_INCLUDE_IN_FRAMEWORK_HEADER = YES;
				CLANG_WARN_RANGE_LOOP_ANALYSIS = YES;
				CLANG_WARN_STRICT_PROTOTYPES = YES;
				CLANG_WARN_SUSPICIOUS_MOVE = YES;
				CLANG_WARN_UNGUARDED_AVAILABILITY = YES_AGGRESSIVE;
				CLANG_WARN_UNREACHABLE_CODE = YES;
				CLANG_WARN__DUPLICATE_METHOD_MATCH = YES;
				COPY_PHASE_STRIP = NO;
				DEBUG_INFORMATION_FORMAT = "dwarf-with-dsym";
				ENABLE_NS_ASSERTIONS = NO;
				ENABLE_STRICT_OBJC_MSGSEND = YES;
				GCC_C_LANGUAGE_STANDARD = gnu11;
				GCC_NO_COMMON_BLOCKS = YES;
				GCC_WARN_64_TO_32_BIT_CONVERSION = YES;
				GCC_WARN_ABOUT_RETURN_TYPE = YES_ERROR;
				GCC_WARN_UNDECLARED_SELECTOR = YES;
				GCC_WARN_UNINITIALIZED_AUTOS = YES_AGGRESSIVE;
				GCC_WARN_UNUSED_FUNCTION = YES;
				GCC_WARN_UNUSED_VARIABLE = YES;
				MTL_ENABLE_DEBUG_INFO = NO;
				MTL_FAST_MATH = YES;
				SWIFT_COMPILATION_MODE = wholemodule;
				SWIFT_OPTIMIZATION_LEVEL = "-O";
			};
			name = Release;
		};
		13DDD9AF2CF365D4000821CE /* Debug */ = {
			isa = XCBuildConfiguration;
			buildSettings = {
				ASSETCATALOG_COMPILER_APPICON_NAME = AppIcon;
				ASSETCATALOG_COMPILER_GLOBAL_ACCENT_COLOR_NAME = AccentColor;
				CODE_SIGN_ENTITLEMENTS = MySwiftPackageExample/MySwiftPackageExample.entitlements;
				CODE_SIGN_STYLE = Automatic;
				CURRENT_PROJECT_VERSION = 1;
				DEVELOPMENT_ASSET_PATHS = "\"MySwiftPackageExample/Preview Content\"";
				DEVELOPMENT_TEAM = LK58XLFP48;
				ENABLE_HARDENED_RUNTIME = YES;
				ENABLE_PREVIEWS = YES;
				GENERATE_INFOPLIST_FILE = YES;
				"INFOPLIST_KEY_UIApplicationSceneManifest_Generation[sdk=iphoneos*]" = YES;
				"INFOPLIST_KEY_UIApplicationSceneManifest_Generation[sdk=iphonesimulator*]" = YES;
				"INFOPLIST_KEY_UIApplicationSupportsIndirectInputEvents[sdk=iphoneos*]" = YES;
				"INFOPLIST_KEY_UIApplicationSupportsIndirectInputEvents[sdk=iphonesimulator*]" = YES;
				"INFOPLIST_KEY_UILaunchScreen_Generation[sdk=iphoneos*]" = YES;
				"INFOPLIST_KEY_UILaunchScreen_Generation[sdk=iphonesimulator*]" = YES;
				"INFOPLIST_KEY_UIStatusBarStyle[sdk=iphoneos*]" = UIStatusBarStyleDefault;
				"INFOPLIST_KEY_UIStatusBarStyle[sdk=iphonesimulator*]" = UIStatusBarStyleDefault;
				INFOPLIST_KEY_UISupportedInterfaceOrientations_iPad = "UIInterfaceOrientationPortrait UIInterfaceOrientationPortraitUpsideDown UIInterfaceOrientationLandscapeLeft UIInterfaceOrientationLandscapeRight";
				INFOPLIST_KEY_UISupportedInterfaceOrientations_iPhone = "UIInterfaceOrientationPortrait UIInterfaceOrientationLandscapeLeft UIInterfaceOrientationLandscapeRight";
				IPHONEOS_DEPLOYMENT_TARGET = 16.4;
				LD_RUNPATH_SEARCH_PATHS = "@executable_path/Frameworks";
				"LD_RUNPATH_SEARCH_PATHS[sdk=macosx*]" = "@executable_path/../Frameworks";
				MACOSX_DEPLOYMENT_TARGET = 13.3;
				MARKETING_VERSION = 1.0;
				PRODUCT_BUNDLE_IDENTIFIER = com.phoenixroberts.MySwiftPackageExample;
				PRODUCT_NAME = "$(TARGET_NAME)";
				SDKROOT = auto;
				SUPPORTED_PLATFORMS = "iphoneos iphonesimulator macosx";
				SWIFT_EMIT_LOC_STRINGS = YES;
				SWIFT_VERSION = 5.0;
				TARGETED_DEVICE_FAMILY = "1,2";
			};
			name = Debug;
		};
		13DDD9B02CF365D4000821CE /* Release */ = {
			isa = XCBuildConfiguration;
			buildSettings = {
				ASSETCATALOG_COMPILER_APPICON_NAME = AppIcon;
				ASSETCATALOG_COMPILER_GLOBAL_ACCENT_COLOR_NAME = AccentColor;
				CODE_SIGN_ENTITLEMENTS = MySwiftPackageExample/MySwiftPackageExample.entitlements;
				CODE_SIGN_STYLE = Automatic;
				CURRENT_PROJECT_VERSION = 1;
				DEVELOPMENT_ASSET_PATHS = "\"MySwiftPackageExample/Preview Content\"";
				DEVELOPMENT_TEAM = LK58XLFP48;
				ENABLE_HARDENED_RUNTIME = YES;
				ENABLE_PREVIEWS = YES;
				GENERATE_INFOPLIST_FILE = YES;
				"INFOPLIST_KEY_UIApplicationSceneManifest_Generation[sdk=iphoneos*]" = YES;
				"INFOPLIST_KEY_UIApplicationSceneManifest_Generation[sdk=iphonesimulator*]" = YES;
				"INFOPLIST_KEY_UIApplicationSupportsIndirectInputEvents[sdk=iphoneos*]" = YES;
				"INFOPLIST_KEY_UIApplicationSupportsIndirectInputEvents[sdk=iphonesimulator*]" = YES;
				"INFOPLIST_KEY_UILaunchScreen_Generation[sdk=iphoneos*]" = YES;
				"INFOPLIST_KEY_UILaunchScreen_Generation[sdk=iphonesimulator*]" = YES;
				"INFOPLIST_KEY_UIStatusBarStyle[sdk=iphoneos*]" = UIStatusBarStyleDefault;
				"INFOPLIST_KEY_UIStatusBarStyle[sdk=iphonesimulator*]" = UIStatusBarStyleDefault;
				INFOPLIST_KEY_UISupportedInterfaceOrientations_iPad = "UIInterfaceOrientationPortrait UIInterfaceOrientationPortraitUpsideDown UIInterfaceOrientationLandscapeLeft UIInterfaceOrientationLandscapeRight";
				INFOPLIST_KEY_UISupportedInterfaceOrientations_iPhone = "UIInterfaceOrientationPortrait UIInterfaceOrientationLandscapeLeft UIInterfaceOrientationLandscapeRight";
				IPHONEOS_DEPLOYMENT_TARGET = 16.4;
				LD_RUNPATH_SEARCH_PATHS = "@executable_path/Frameworks";
				"LD_RUNPATH_SEARCH_PATHS[sdk=macosx*]" = "@executable_path/../Frameworks";
				MACOSX_DEPLOYMENT_TARGET = 13.3;
				MARKETING_VERSION = 1.0;
				PRODUCT_BUNDLE_IDENTIFIER = com.phoenixroberts.MySwiftPackageExample;
				PRODUCT_NAME = "$(TARGET_NAME)";
				SDKROOT = auto;
				SUPPORTED_PLATFORMS = "iphoneos iphonesimulator macosx";
				SWIFT_EMIT_LOC_STRINGS = YES;
				SWIFT_VERSION = 5.0;
				TARGETED_DEVICE_FAMILY = "1,2";
			};
			name = Release;
		};
		13DDD9B22CF365D4000821CE /* Debug */ = {
			isa = XCBuildConfiguration;
			buildSettings = {
				ALWAYS_EMBED_SWIFT_STANDARD_LIBRARIES = YES;
				BUNDLE_LOADER = "$(TEST_HOST)";
				CODE_SIGN_STYLE = Automatic;
				CURRENT_PROJECT_VERSION = 1;
				DEVELOPMENT_TEAM = LK58XLFP48;
				GENERATE_INFOPLIST_FILE = YES;
				IPHONEOS_DEPLOYMENT_TARGET = 16.4;
				MACOSX_DEPLOYMENT_TARGET = 13.3;
				MARKETING_VERSION = 1.0;
				PRODUCT_BUNDLE_IDENTIFIER = com.phoenixroberts.MySwiftPackageExampleTests;
				PRODUCT_NAME = "$(TARGET_NAME)";
				SDKROOT = auto;
				SUPPORTED_PLATFORMS = "iphoneos iphonesimulator macosx";
				SWIFT_EMIT_LOC_STRINGS = NO;
				SWIFT_VERSION = 5.0;
				TARGETED_DEVICE_FAMILY = "1,2";
				TEST_HOST = "$(BUILT_PRODUCTS_DIR)/MySwiftPackageExample.app/$(BUNDLE_EXECUTABLE_FOLDER_PATH)/MySwiftPackageExample";
			};
			name = Debug;
		};
		13DDD9B32CF365D4000821CE /* Release */ = {
			isa = XCBuildConfiguration;
			buildSettings = {
				ALWAYS_EMBED_SWIFT_STANDARD_LIBRARIES = YES;
				BUNDLE_LOADER = "$(TEST_HOST)";
				CODE_SIGN_STYLE = Automatic;
				CURRENT_PROJECT_VERSION = 1;
				DEVELOPMENT_TEAM = LK58XLFP48;
				GENERATE_INFOPLIST_FILE = YES;
				IPHONEOS_DEPLOYMENT_TARGET = 16.4;
				MACOSX_DEPLOYMENT_TARGET = 13.3;
				MARKETING_VERSION = 1.0;
				PRODUCT_BUNDLE_IDENTIFIER = com.phoenixroberts.MySwiftPackageExampleTests;
				PRODUCT_NAME = "$(TARGET_NAME)";
				SDKROOT = auto;
				SUPPORTED_PLATFORMS = "iphoneos iphonesimulator macosx";
				SWIFT_EMIT_LOC_STRINGS = NO;
				SWIFT_VERSION = 5.0;
				TARGETED_DEVICE_FAMILY = "1,2";
				TEST_HOST = "$(BUILT_PRODUCTS_DIR)/MySwiftPackageExample.app/$(BUNDLE_EXECUTABLE_FOLDER_PATH)/MySwiftPackageExample";
			};
			name = Release;
		};
		13DDD9B52CF365D4000821CE /* Debug */ = {
			isa = XCBuildConfiguration;
			buildSettings = {
				ALWAYS_EMBED_SWIFT_STANDARD_LIBRARIES = YES;
				CODE_SIGN_STYLE = Automatic;
				CURRENT_PROJECT_VERSION = 1;
				DEVELOPMENT_TEAM = LK58XLFP48;
				GENERATE_INFOPLIST_FILE = YES;
				IPHONEOS_DEPLOYMENT_TARGET = 16.4;
				MACOSX_DEPLOYMENT_TARGET = 13.3;
				MARKETING_VERSION = 1.0;
				PRODUCT_BUNDLE_IDENTIFIER = com.phoenixroberts.MySwiftPackageExampleUITests;
				PRODUCT_NAME = "$(TARGET_NAME)";
				SDKROOT = auto;
				SUPPORTED_PLATFORMS = "iphoneos iphonesimulator macosx";
				SWIFT_EMIT_LOC_STRINGS = NO;
				SWIFT_VERSION = 5.0;
				TARGETED_DEVICE_FAMILY = "1,2";
				TEST_TARGET_NAME = MySwiftPackageExample;
			};
			name = Debug;
		};
		13DDD9B62CF365D4000821CE /* Release */ = {
			isa = XCBuildConfiguration;
			buildSettings = {
				ALWAYS_EMBED_SWIFT_STANDARD_LIBRARIES = YES;
				CODE_SIGN_STYLE = Automatic;
				CURRENT_PROJECT_VERSION = 1;
				DEVELOPMENT_TEAM = LK58XLFP48;
				GENERATE_INFOPLIST_FILE = YES;
				IPHONEOS_DEPLOYMENT_TARGET = 16.4;
				MACOSX_DEPLOYMENT_TARGET = 13.3;
				MARKETING_VERSION = 1.0;
				PRODUCT_BUNDLE_IDENTIFIER = com.phoenixroberts.MySwiftPackageExampleUITests;
				PRODUCT_NAME = "$(TARGET_NAME)";
				SDKROOT = auto;
				SUPPORTED_PLATFORMS = "iphoneos iphonesimulator macosx";
				SWIFT_EMIT_LOC_STRINGS = NO;
				SWIFT_VERSION = 5.0;
				TARGETED_DEVICE_FAMILY = "1,2";
				TEST_TARGET_NAME = MySwiftPackageExample;
			};
			name = Release;
		};
/* End XCBuildConfiguration section */

/* Begin XCConfigurationList section */
		13DDD9842CF365D3000821CE /* Build configuration list for PBXProject "MySwiftPackageExample" */ = {
			isa = XCConfigurationList;
			buildConfigurations = (
				13DDD9AC2CF365D4000821CE /* Debug */,
				13DDD9AD2CF365D4000821CE /* Release */,
			);
			defaultConfigurationIsVisible = 0;
			defaultConfigurationName = Release;
		};
		13DDD9AE2CF365D4000821CE /* Build configuration list for PBXNativeTarget "MySwiftPackageExample" */ = {
			isa = XCConfigurationList;
			buildConfigurations = (
				13DDD9AF2CF365D4000821CE /* Debug */,
				13DDD9B02CF365D4000821CE /* Release */,
			);
			defaultConfigurationIsVisible = 0;
			defaultConfigurationName = Release;
		};
		13DDD9B12CF365D4000821CE /* Build configuration list for PBXNativeTarget "MySwiftPackageExampleTests" */ = {
			isa = XCConfigurationList;
			buildConfigurations = (
				13DDD9B22CF365D4000821CE /* Debug */,
				13DDD9B32CF365D4000821CE /* Release */,
			);
			defaultConfigurationIsVisible = 0;
			defaultConfigurationName = Release;
		};
		13DDD9B42CF365D4000821CE /* Build configuration list for PBXNativeTarget "MySwiftPackageExampleUITests" */ = {
			isa = XCConfigurationList;
			buildConfigurations = (
				13DDD9B52CF365D4000821CE /* Debug */,
				13DDD9B62CF365D4000821CE /* Release */,
			);
			defaultConfigurationIsVisible = 0;
			defaultConfigurationName = Release;
		};
/* End XCConfigurationList section */

/* Begin XCRemoteSwiftPackageReference section */
		132C11FC2CF3855F00ED4B66 /* XCRemoteSwiftPackageReference "MySwiftPackage" */ = {
			isa = XCRemoteSwiftPackageReference;
			repositoryURL = "https://github.com/rzmudzin/MySwiftPackage";
			requirement = {
				branch = main;
				kind = branch;
			};
		};
/* End XCRemoteSwiftPackageReference section */

/* Begin XCSwiftPackageProductDependency section */
		132C11FD2CF3855F00ED4B66 /* MySwiftPackage */ = {
			isa = XCSwiftPackageProductDependency;
			package = 132C11FC2CF3855F00ED4B66 /* XCRemoteSwiftPackageReference "MySwiftPackage" */;
			productName = MySwiftPackage;
		};
/* End XCSwiftPackageProductDependency section */
	};
	rootObject = 13DDD9812CF365D3000821CE /* Project object */;
}
