{
  "pins" : [
    {
      "identity" : "myswiftpackage",
      "kind" : "remoteSourceControl",
      "location" : "https://github.com/rzmudzin/MySwiftPackage",
      "state" : {
        "branch" : "main",
        "revision" : "0556f085eef4640a5549b604d3d5f016f06049ee"
      }
    }
  ],
  "version" : 2
}
